
Microsoft Visual Studio Solution File, Format Version 12.00
# Visual Studio Version 17
VisualStudioVersion = 17.8.34511.84
MinimumVisualStudioVersion = 10.0.40219.1
Project("{FAE04EC0-301F-11D3-BF4B-00C04F79EFBC}") = "StringGenerator", "StringGenerator\StringGenerator.csproj", "{B0E3F7FC-C2DB-4CF0-9A16-7FB59B32A592}"
EndProject
Global
	GlobalSection(SolutionConfigurationPlatforms) = preSolution
		Debug|Any CPU = Debug|Any CPU
		Release|Any CPU = Release|Any CPU
	EndGlobalSection
	GlobalSection(ProjectConfigurationPlatforms) = postSolution
		{B0E3F7FC-C2DB-4CF0-9A16-7FB59B32A592}.Debug|Any CPU.ActiveCfg = Debug|Any CPU
		{B0E3F7FC-C2DB-4CF0-9A16-7FB59B32A592}.Debug|Any CPU.Build.0 = Debug|Any CPU
		{B0E3F7FC-C2DB-4CF0-9A16-7FB59B32A592}.Release|Any CPU.ActiveCfg = Release|Any CPU
		{B0E3F7FC-C2DB-4CF0-9A16-7FB59B32A592}.Release|Any CPU.Build.0 = Release|Any CPU
	EndGlobalSection
	GlobalSection(SolutionProperties) = preSolution
		HideSolutionNode = FALSE
	EndGlobalSection
	GlobalSection(ExtensibilityGlobals) = postSolution
		SolutionGuid = {045FAF21-925B-4E0D-973C-6D4EF2E7D917}
	EndGlobalSection
EndGlobal
